
Microsoft Visual Studio Solution File, Format Version 12.00
# Visual Studio Version 16
VisualStudioVersion = 16.0.33328.57
MinimumVisualStudioVersion = 10.0.40219.1
Project("{FAE04EC0-301F-11D3-BF4B-00C04F79EFBC}") = "registration", "registration\registration.csproj", "{4BE97BCA-7D77-4D7F-9060-5FE86008AD97}"
EndProject
Global
	GlobalSection(SolutionConfigurationPlatforms) = preSolution
		Debug|Any CPU = Debug|Any CPU
		Release|Any CPU = Release|Any CPU
	EndGlobalSection
	GlobalSection(ProjectConfigurationPlatforms) = postSolution
		{4BE97BCA-7D77-4D7F-9060-5FE86008AD97}.Debug|Any CPU.ActiveCfg = Debug|Any CPU
		{4BE97BCA-7D77-4D7F-9060-5FE86008AD97}.Debug|Any CPU.Build.0 = Debug|Any CPU
		{4BE97BCA-7D77-4D7F-9060-5FE86008AD97}.Release|Any CPU.ActiveCfg = Release|Any CPU
		{4BE97BCA-7D77-4D7F-9060-5FE86008AD97}.Release|Any CPU.Build.0 = Release|Any CPU
	EndGlobalSection
	GlobalSection(SolutionProperties) = preSolution
		HideSolutionNode = FALSE
	EndGlobalSection
	GlobalSection(ExtensibilityGlobals) = postSolution
		SolutionGuid = {689AF33E-7281-4E36-BB52-A85875DBAE95}
	EndGlobalSection
EndGlobal
